// !$*UTF8*$!
{
	archiveVersion = 1;
	classes = {
	};
	objectVersion = 56;
	objects = {

/* Begin PBXBuildFile section */
		CC248F7C2AF0DA990091229F /* APButton.swift in Sources */ = {isa = PBXBuildFile; fileRef = CC248F7B2AF0DA990091229F /* APButton.swift */; };
		CC248F7E2AF0DB620091229F /* XDismissButton.swift in Sources */ = {isa = PBXBuildFile; fileRef = CC248F7D2AF0DB620091229F /* XDismissButton.swift */; };
		CC2E06D52AF10D65005401A5 /* AcountViewModel.swift in Sources */ = {isa = PBXBuildFile; fileRef = CC2E06D42AF10D65005401A5 /* AcountViewModel.swift */; };
		CC2E06D72AF10F53005401A5 /* String+Ext.swift in Sources */ = {isa = PBXBuildFile; fileRef = CC2E06D62AF10F53005401A5 /* String+Ext.swift */; };
		CC2E06D92AF11635005401A5 /* User.swift in Sources */ = {isa = PBXBuildFile; fileRef = CC2E06D82AF11635005401A5 /* User.swift */; };
		CC2E06DC2AF13ADA005401A5 /* EmptyState.swift in Sources */ = {isa = PBXBuildFile; fileRef = CC2E06DB2AF13ADA005401A5 /* EmptyState.swift */; };
		CC2E06DE2AF1547D005401A5 /* Order.swift in Sources */ = {isa = PBXBuildFile; fileRef = CC2E06DD2AF1547D005401A5 /* Order.swift */; };
		CC2E06E02AF2619D005401A5 /* CustomModifiers.swift in Sources */ = {isa = PBXBuildFile; fileRef = CC2E06DF2AF2619D005401A5 /* CustomModifiers.swift */; };
		CC596D3D2AE28AA400262410 /* AppetizersApp.swift in Sources */ = {isa = PBXBuildFile; fileRef = CC596D3C2AE28AA400262410 /* AppetizersApp.swift */; };
		CC596D3F2AE28AA400262410 /* AppetizerTabView.swift in Sources */ = {isa = PBXBuildFile; fileRef = CC596D3E2AE28AA400262410 /* AppetizerTabView.swift */; };
		CC596D412AE28AA500262410 /* Assets.xcassets in Resources */ = {isa = PBXBuildFile; fileRef = CC596D402AE28AA500262410 /* Assets.xcassets */; };
		CC596D442AE28AA500262410 /* Preview Assets.xcassets in Resources */ = {isa = PBXBuildFile; fileRef = CC596D432AE28AA500262410 /* Preview Assets.xcassets */; };
		CC596D4B2AE28D9000262410 /* AppetizerListView.swift in Sources */ = {isa = PBXBuildFile; fileRef = CC596D4A2AE28D9000262410 /* AppetizerListView.swift */; };
		CC596D4D2AE28D9D00262410 /* AccountView.swift in Sources */ = {isa = PBXBuildFile; fileRef = CC596D4C2AE28D9D00262410 /* AccountView.swift */; };
		CC596D4F2AE28DAF00262410 /* OrderView.swift in Sources */ = {isa = PBXBuildFile; fileRef = CC596D4E2AE28DAF00262410 /* OrderView.swift */; };
		CC596D512AE2A77700262410 /* Appetizer.swift in Sources */ = {isa = PBXBuildFile; fileRef = CC596D502AE2A77700262410 /* Appetizer.swift */; };
		CC596D532AE2ACDC00262410 /* AppetizerListCell.swift in Sources */ = {isa = PBXBuildFile; fileRef = CC596D522AE2ACDC00262410 /* AppetizerListCell.swift */; };
		CC596D552AE2AE6B00262410 /* NetworkManager.swift in Sources */ = {isa = PBXBuildFile; fileRef = CC596D542AE2AE6B00262410 /* NetworkManager.swift */; };
		CC596D572AE2AFF000262410 /* APError.swift in Sources */ = {isa = PBXBuildFile; fileRef = CC596D562AE2AFF000262410 /* APError.swift */; };
		CC596D592AE2CE8B00262410 /* AppetizerListViewModel.swift in Sources */ = {isa = PBXBuildFile; fileRef = CC596D582AE2CE8B00262410 /* AppetizerListViewModel.swift */; };
		CC92B6002AF36E5100AAB03E /* Date+Ext.swift in Sources */ = {isa = PBXBuildFile; fileRef = CC92B5FF2AF36E5100AAB03E /* Date+Ext.swift */; };
		CCAC884F2AE53D0D00E6FD73 /* Alert.swift in Sources */ = {isa = PBXBuildFile; fileRef = CCAC884E2AE53D0D00E6FD73 /* Alert.swift */; };
		CCAC88512AE5459E00E6FD73 /* LoadingView.swift in Sources */ = {isa = PBXBuildFile; fileRef = CCAC88502AE5459E00E6FD73 /* LoadingView.swift */; };
		CCAC88532AE5489800E6FD73 /* Color+Ext.swift in Sources */ = {isa = PBXBuildFile; fileRef = CCAC88522AE5489800E6FD73 /* Color+Ext.swift */; };
		CCAC88552AE55CDE00E6FD73 /* RemoteImage.swift in Sources */ = {isa = PBXBuildFile; fileRef = CCAC88542AE55CDE00E6FD73 /* RemoteImage.swift */; };
		CCAC88642AE56B8D00E6FD73 /* AppetizerDetailView.swift in Sources */ = {isa = PBXBuildFile; fileRef = CCAC88632AE56B8D00E6FD73 /* AppetizerDetailView.swift */; };
/* End PBXBuildFile section */

/* Begin PBXFileReference section */
		CC248F7B2AF0DA990091229F /* APButton.swift */ = {isa = PBXFileReference; lastKnownFileType = sourcecode.swift; path = APButton.swift; sourceTree = "<group>"; };
		CC248F7D2AF0DB620091229F /* XDismissButton.swift */ = {isa = PBXFileReference; lastKnownFileType = sourcecode.swift; path = XDismissButton.swift; sourceTree = "<group>"; };
		CC2E06D42AF10D65005401A5 /* AcountViewModel.swift */ = {isa = PBXFileReference; lastKnownFileType = sourcecode.swift; path = AcountViewModel.swift; sourceTree = "<group>"; };
		CC2E06D62AF10F53005401A5 /* String+Ext.swift */ = {isa = PBXFileReference; lastKnownFileType = sourcecode.swift; path = "String+Ext.swift"; sourceTree = "<group>"; };
		CC2E06D82AF11635005401A5 /* User.swift */ = {isa = PBXFileReference; lastKnownFileType = sourcecode.swift; path = User.swift; sourceTree = "<group>"; };
		CC2E06DB2AF13ADA005401A5 /* EmptyState.swift */ = {isa = PBXFileReference; lastKnownFileType = sourcecode.swift; path = EmptyState.swift; sourceTree = "<group>"; };
		CC2E06DD2AF1547D005401A5 /* Order.swift */ = {isa = PBXFileReference; lastKnownFileType = sourcecode.swift; path = Order.swift; sourceTree = "<group>"; };
		CC2E06DF2AF2619D005401A5 /* CustomModifiers.swift */ = {isa = PBXFileReference; lastKnownFileType = sourcecode.swift; path = CustomModifiers.swift; sourceTree = "<group>"; };
		CC596D392AE28AA400262410 /* Appetizers.app */ = {isa = PBXFileReference; explicitFileType = wrapper.application; includeInIndex = 0; path = Appetizers.app; sourceTree = BUILT_PRODUCTS_DIR; };
		CC596D3C2AE28AA400262410 /* AppetizersApp.swift */ = {isa = PBXFileReference; lastKnownFileType = sourcecode.swift; path = AppetizersApp.swift; sourceTree = "<group>"; };
		CC596D3E2AE28AA400262410 /* AppetizerTabView.swift */ = {isa = PBXFileReference; lastKnownFileType = sourcecode.swift; path = AppetizerTabView.swift; sourceTree = "<group>"; };
		CC596D402AE28AA500262410 /* Assets.xcassets */ = {isa = PBXFileReference; lastKnownFileType = folder.assetcatalog; path = Assets.xcassets; sourceTree = "<group>"; };
		CC596D432AE28AA500262410 /* Preview Assets.xcassets */ = {isa = PBXFileReference; lastKnownFileType = folder.assetcatalog; path = "Preview Assets.xcassets"; sourceTree = "<group>"; };
		CC596D4A2AE28D9000262410 /* AppetizerListView.swift */ = {isa = PBXFileReference; lastKnownFileType = sourcecode.swift; path = AppetizerListView.swift; sourceTree = "<group>"; };
		CC596D4C2AE28D9D00262410 /* AccountView.swift */ = {isa = PBXFileReference; lastKnownFileType = sourcecode.swift; path = AccountView.swift; sourceTree = "<group>"; };
		CC596D4E2AE28DAF00262410 /* OrderView.swift */ = {isa = PBXFileReference; lastKnownFileType = sourcecode.swift; path = OrderView.swift; sourceTree = "<group>"; };
		CC596D502AE2A77700262410 /* Appetizer.swift */ = {isa = PBXFileReference; lastKnownFileType = sourcecode.swift; path = Appetizer.swift; sourceTree = "<group>"; };
		CC596D522AE2ACDC00262410 /* AppetizerListCell.swift */ = {isa = PBXFileReference; lastKnownFileType = sourcecode.swift; path = AppetizerListCell.swift; sourceTree = "<group>"; };
		CC596D542AE2AE6B00262410 /* NetworkManager.swift */ = {isa = PBXFileReference; lastKnownFileType = sourcecode.swift; path = NetworkManager.swift; sourceTree = "<group>"; };
		CC596D562AE2AFF000262410 /* APError.swift */ = {isa = PBXFileReference; lastKnownFileType = sourcecode.swift; path = APError.swift; sourceTree = "<group>"; };
		CC596D582AE2CE8B00262410 /* AppetizerListViewModel.swift */ = {isa = PBXFileReference; lastKnownFileType = sourcecode.swift; path = AppetizerListViewModel.swift; sourceTree = "<group>"; };
		CC92B5FF2AF36E5100AAB03E /* Date+Ext.swift */ = {isa = PBXFileReference; lastKnownFileType = sourcecode.swift; path = "Date+Ext.swift"; sourceTree = "<group>"; };
		CCAC884E2AE53D0D00E6FD73 /* Alert.swift */ = {isa = PBXFileReference; lastKnownFileType = sourcecode.swift; path = Alert.swift; sourceTree = "<group>"; };
		CCAC88502AE5459E00E6FD73 /* LoadingView.swift */ = {isa = PBXFileReference; lastKnownFileType = sourcecode.swift; path = LoadingView.swift; sourceTree = "<group>"; };
		CCAC88522AE5489800E6FD73 /* Color+Ext.swift */ = {isa = PBXFileReference; lastKnownFileType = sourcecode.swift; path = "Color+Ext.swift"; sourceTree = "<group>"; };
		CCAC88542AE55CDE00E6FD73 /* RemoteImage.swift */ = {isa = PBXFileReference; lastKnownFileType = sourcecode.swift; path = RemoteImage.swift; sourceTree = "<group>"; };
		CCAC88632AE56B8D00E6FD73 /* AppetizerDetailView.swift */ = {isa = PBXFileReference; lastKnownFileType = sourcecode.swift; path = AppetizerDetailView.swift; sourceTree = "<group>"; };
/* End PBXFileReference section */

/* Begin PBXFrameworksBuildPhase section */
		CC596D362AE28AA400262410 /* Frameworks */ = {
			isa = PBXFrameworksBuildPhase;
			buildActionMask = 2147483647;
			files = (
			);
			runOnlyForDeploymentPostprocessing = 0;
		};
/* End PBXFrameworksBuildPhase section */

/* Begin PBXGroup section */
		CC248F7A2AF0DA830091229F /* Buttons */ = {
			isa = PBXGroup;
			children = (
				CC248F7B2AF0DA990091229F /* APButton.swift */,
				CC248F7D2AF0DB620091229F /* XDismissButton.swift */,
			);
			path = Buttons;
			sourceTree = "<group>";
		};
		CC2E06DA2AF13AC4005401A5 /* Empty State */ = {
			isa = PBXGroup;
			children = (
				CC2E06DB2AF13ADA005401A5 /* EmptyState.swift */,
			);
			path = "Empty State";
			sourceTree = "<group>";
		};
		CC596D302AE28AA400262410 = {
			isa = PBXGroup;
			children = (
				CC596D3B2AE28AA400262410 /* Appetizers */,
				CC596D3A2AE28AA400262410 /* Products */,
			);
			sourceTree = "<group>";
		};
		CC596D3A2AE28AA400262410 /* Products */ = {
			isa = PBXGroup;
			children = (
				CC596D392AE28AA400262410 /* Appetizers.app */,
			);
			name = Products;
			sourceTree = "<group>";
		};
		CC596D3B2AE28AA400262410 /* Appetizers */ = {
			isa = PBXGroup;
			children = (
				CCAC885E2AE5639200E6FD73 /* Model */,
				CCAC885A2AE5631000E6FD73 /* Utilities */,
				CCAC885F2AE568FD00E6FD73 /* Views */,
				CCAC88562AE562A400E6FD73 /* Screens */,
				CC596D3C2AE28AA400262410 /* AppetizersApp.swift */,
				CC596D402AE28AA500262410 /* Assets.xcassets */,
				CC596D422AE28AA500262410 /* Preview Content */,
			);
			path = Appetizers;
			sourceTree = "<group>";
		};
		CC596D422AE28AA500262410 /* Preview Content */ = {
			isa = PBXGroup;
			children = (
				CC596D432AE28AA500262410 /* Preview Assets.xcassets */,
			);
			path = "Preview Content";
			sourceTree = "<group>";
		};
		CCAC88562AE562A400E6FD73 /* Screens */ = {
			isa = PBXGroup;
			children = (
				CC596D3E2AE28AA400262410 /* AppetizerTabView.swift */,
				CCAC88572AE562B000E6FD73 /* AppetizerListView */,
				CCAC88582AE562C500E6FD73 /* AccountView */,
				CCAC88592AE562D500E6FD73 /* OrderView */,
			);
			path = Screens;
			sourceTree = "<group>";
		};
		CCAC88572AE562B000E6FD73 /* AppetizerListView */ = {
			isa = PBXGroup;
			children = (
				CC596D4A2AE28D9000262410 /* AppetizerListView.swift */,
				CC596D582AE2CE8B00262410 /* AppetizerListViewModel.swift */,
				CCAC88632AE56B8D00E6FD73 /* AppetizerDetailView.swift */,
			);
			path = AppetizerListView;
			sourceTree = "<group>";
		};
		CCAC88582AE562C500E6FD73 /* AccountView */ = {
			isa = PBXGroup;
			children = (
				CC596D4C2AE28D9D00262410 /* AccountView.swift */,
				CC2E06D42AF10D65005401A5 /* AcountViewModel.swift */,
			);
			path = AccountView;
			sourceTree = "<group>";
		};
		CCAC88592AE562D500E6FD73 /* OrderView */ = {
			isa = PBXGroup;
			children = (
				CC596D4E2AE28DAF00262410 /* OrderView.swift */,
			);
			path = OrderView;
			sourceTree = "<group>";
		};
		CCAC885A2AE5631000E6FD73 /* Utilities */ = {
			isa = PBXGroup;
			children = (
				CCAC885D2AE5635100E6FD73 /* Alert */,
				CCAC885C2AE5632E00E6FD73 /* Extensions */,
				CCAC885B2AE5632300E6FD73 /* Mangers */,
			);
			path = Utilities;
			sourceTree = "<group>";
		};
		CCAC885B2AE5632300E6FD73 /* Mangers */ = {
			isa = PBXGroup;
			children = (
				CC596D542AE2AE6B00262410 /* NetworkManager.swift */,
			);
			path = Mangers;
			sourceTree = "<group>";
		};
		CCAC885C2AE5632E00E6FD73 /* Extensions */ = {
			isa = PBXGroup;
			children = (
				CCAC88522AE5489800E6FD73 /* Color+Ext.swift */,
				CC2E06D62AF10F53005401A5 /* String+Ext.swift */,
				CC92B5FF2AF36E5100AAB03E /* Date+Ext.swift */,
			);
			path = Extensions;
			sourceTree = "<group>";
		};
		CCAC885D2AE5635100E6FD73 /* Alert */ = {
			isa = PBXGroup;
			children = (
				CC596D562AE2AFF000262410 /* APError.swift */,
				CCAC884E2AE53D0D00E6FD73 /* Alert.swift */,
			);
			path = Alert;
			sourceTree = "<group>";
		};
		CCAC885E2AE5639200E6FD73 /* Model */ = {
			isa = PBXGroup;
			children = (
				CC596D502AE2A77700262410 /* Appetizer.swift */,
				CC2E06D82AF11635005401A5 /* User.swift */,
				CC2E06DD2AF1547D005401A5 /* Order.swift */,
			);
			path = Model;
			sourceTree = "<group>";
		};
		CCAC885F2AE568FD00E6FD73 /* Views */ = {
			isa = PBXGroup;
			children = (
				CC2E06DA2AF13AC4005401A5 /* Empty State */,
				CC248F7A2AF0DA830091229F /* Buttons */,
				CCAC88622AE5691E00E6FD73 /* Image */,
				CCAC88612AE5691600E6FD73 /* Cells */,
				CCAC88602AE5690700E6FD73 /* UIKit Components */,
				CC2E06DF2AF2619D005401A5 /* CustomModifiers.swift */,
			);
			path = Views;
			sourceTree = "<group>";
		};
		CCAC88602AE5690700E6FD73 /* UIKit Components */ = {
			isa = PBXGroup;
			children = (
				CCAC88502AE5459E00E6FD73 /* LoadingView.swift */,
			);
			path = "UIKit Components";
			sourceTree = "<group>";
		};
		CCAC88612AE5691600E6FD73 /* Cells */ = {
			isa = PBXGroup;
			children = (
				CC596D522AE2ACDC00262410 /* AppetizerListCell.swift */,
			);
			path = Cells;
			sourceTree = "<group>";
		};
		CCAC88622AE5691E00E6FD73 /* Image */ = {
			isa = PBXGroup;
			children = (
				CCAC88542AE55CDE00E6FD73 /* RemoteImage.swift */,
			);
			path = Image;
			sourceTree = "<group>";
		};
/* End PBXGroup section */

/* Begin PBXNativeTarget section */
		CC596D382AE28AA400262410 /* Appetizers */ = {
			isa = PBXNativeTarget;
			buildConfigurationList = CC596D472AE28AA500262410 /* Build configuration list for PBXNativeTarget "Appetizers" */;
			buildPhases = (
				CC596D352AE28AA400262410 /* Sources */,
				CC596D362AE28AA400262410 /* Frameworks */,
				CC596D372AE28AA400262410 /* Resources */,
			);
			buildRules = (
			);
			dependencies = (
			);
			name = Appetizers;
			productName = Appetizers;
			productReference = CC596D392AE28AA400262410 /* Appetizers.app */;
			productType = "com.apple.product-type.application";
		};
/* End PBXNativeTarget section */

/* Begin PBXProject section */
		CC596D312AE28AA400262410 /* Project object */ = {
			isa = PBXProject;
			attributes = {
				BuildIndependentTargetsInParallel = 1;
				LastSwiftUpdateCheck = 1500;
				LastUpgradeCheck = 1500;
				TargetAttributes = {
					CC596D382AE28AA400262410 = {
						CreatedOnToolsVersion = 15.0;
					};
				};
			};
			buildConfigurationList = CC596D342AE28AA400262410 /* Build configuration list for PBXProject "Appetizers" */;
			compatibilityVersion = "Xcode 14.0";
			developmentRegion = en;
			hasScannedForEncodings = 0;
			knownRegions = (
				en,
				Base,
			);
			mainGroup = CC596D302AE28AA400262410;
			productRefGroup = CC596D3A2AE28AA400262410 /* Products */;
			projectDirPath = "";
			projectRoot = "";
			targets = (
				CC596D382AE28AA400262410 /* Appetizers */,
			);
		};
/* End PBXProject section */

/* Begin PBXResourcesBuildPhase section */
		CC596D372AE28AA400262410 /* Resources */ = {
			isa = PBXResourcesBuildPhase;
			buildActionMask = 2147483647;
			files = (
				CC596D442AE28AA500262410 /* Preview Assets.xcassets in Resources */,
				CC596D412AE28AA500262410 /* Assets.xcassets in Resources */,
			);
			runOnlyForDeploymentPostprocessing = 0;
		};
/* End PBXResourcesBuildPhase section */

/* Begin PBXSourcesBuildPhase section */
		CC596D352AE28AA400262410 /* Sources */ = {
			isa = PBXSourcesBuildPhase;
			buildActionMask = 2147483647;
			files = (
				CC2E06D52AF10D65005401A5 /* AcountViewModel.swift in Sources */,
				CC596D512AE2A77700262410 /* Appetizer.swift in Sources */,
				CC596D572AE2AFF000262410 /* APError.swift in Sources */,
				CC92B6002AF36E5100AAB03E /* Date+Ext.swift in Sources */,
				CC248F7E2AF0DB620091229F /* XDismissButton.swift in Sources */,
				CC2E06DE2AF1547D005401A5 /* Order.swift in Sources */,
				CC596D532AE2ACDC00262410 /* AppetizerListCell.swift in Sources */,
				CC596D592AE2CE8B00262410 /* AppetizerListViewModel.swift in Sources */,
				CCAC88532AE5489800E6FD73 /* Color+Ext.swift in Sources */,
				CC596D4D2AE28D9D00262410 /* AccountView.swift in Sources */,
				CC2E06D92AF11635005401A5 /* User.swift in Sources */,
				CC248F7C2AF0DA990091229F /* APButton.swift in Sources */,
				CCAC88512AE5459E00E6FD73 /* LoadingView.swift in Sources */,
				CC596D3F2AE28AA400262410 /* AppetizerTabView.swift in Sources */,
				CC596D552AE2AE6B00262410 /* NetworkManager.swift in Sources */,
				CCAC88552AE55CDE00E6FD73 /* RemoteImage.swift in Sources */,
				CC2E06D72AF10F53005401A5 /* String+Ext.swift in Sources */,
				CC2E06DC2AF13ADA005401A5 /* EmptyState.swift in Sources */,
				CCAC88642AE56B8D00E6FD73 /* AppetizerDetailView.swift in Sources */,
				CC596D3D2AE28AA400262410 /* AppetizersApp.swift in Sources */,
				CCAC884F2AE53D0D00E6FD73 /* Alert.swift in Sources */,
				CC2E06E02AF2619D005401A5 /* CustomModifiers.swift in Sources */,
				CC596D4B2AE28D9000262410 /* AppetizerListView.swift in Sources */,
				CC596D4F2AE28DAF00262410 /* OrderView.swift in Sources */,
			);
			runOnlyForDeploymentPostprocessing = 0;
		};
/* End PBXSourcesBuildPhase section */

/* Begin XCBuildConfiguration section */
		CC596D452AE28AA500262410 /* Debug */ = {
			isa = XCBuildConfiguration;
			buildSettings = {
				ALWAYS_SEARCH_USER_PATHS = NO;
				ASSETCATALOG_COMPILER_GENERATE_SWIFT_ASSET_SYMBOL_EXTENSIONS = YES;
				CLANG_ANALYZER_NONNULL = YES;
				CLANG_ANALYZER_NUMBER_OBJECT_CONVERSION = YES_AGGRESSIVE;
				CLANG_CXX_LANGUAGE_STANDARD = "gnu++20";
				CLANG_ENABLE_MODULES = YES;
				CLANG_ENABLE_OBJC_ARC = YES;
				CLANG_ENABLE_OBJC_WEAK = YES;
				CLANG_WARN_BLOCK_CAPTURE_AUTORELEASING = YES;
				CLANG_WARN_BOOL_CONVERSION = YES;
				CLANG_WARN_COMMA = YES;
				CLANG_WARN_CONSTANT_CONVERSION = YES;
				CLANG_WARN_DEPRECATED_OBJC_IMPLEMENTATIONS = YES;
				CLANG_WARN_DIRECT_OBJC_ISA_USAGE = YES_ERROR;
				CLANG_WARN_DOCUMENTATION_COMMENTS = YES;
				CLANG_WARN_EMPTY_BODY = YES;
				CLANG_WARN_ENUM_CONVERSION = YES;
				CLANG_WARN_INFINITE_RECURSION = YES;
				CLANG_WARN_INT_CONVERSION = YES;
				CLANG_WARN_NON_LITERAL_NULL_CONVERSION = YES;
				CLANG_WARN_OBJC_IMPLICIT_RETAIN_SELF = YES;
				CLANG_WARN_OBJC_LITERAL_CONVERSION = YES;
				CLANG_WARN_OBJC_ROOT_CLASS = YES_ERROR;
				CLANG_WARN_QUOTED_INCLUDE_IN_FRAMEWORK_HEADER = YES;
				CLANG_WARN_RANGE_LOOP_ANALYSIS = YES;
				CLANG_WARN_STRICT_PROTOTYPES = YES;
				CLANG_WARN_SUSPICIOUS_MOVE = YES;
				CLANG_WARN_UNGUARDED_AVAILABILITY = YES_AGGRESSIVE;
				CLANG_WARN_UNREACHABLE_CODE = YES;
				CLANG_WARN__DUPLICATE_METHOD_MATCH = YES;
				COPY_PHASE_STRIP = NO;
				DEBUG_INFORMATION_FORMAT = dwarf;
				ENABLE_STRICT_OBJC_MSGSEND = YES;
				ENABLE_TESTABILITY = YES;
				ENABLE_USER_SCRIPT_SANDBOXING = YES;
				GCC_C_LANGUAGE_STANDARD = gnu17;
				GCC_DYNAMIC_NO_PIC = NO;
				GCC_NO_COMMON_BLOCKS = YES;
				GCC_OPTIMIZATION_LEVEL = 0;
				GCC_PREPROCESSOR_DEFINITIONS = (
					"DEBUG=1",
					"$(inherited)",
				);
				GCC_WARN_64_TO_32_BIT_CONVERSION = YES;
				GCC_WARN_ABOUT_RETURN_TYPE = YES_ERROR;
				GCC_WARN_UNDECLARED_SELECTOR = YES;
				GCC_WARN_UNINITIALIZED_AUTOS = YES_AGGRESSIVE;
				GCC_WARN_UNUSED_FUNCTION = YES;
				GCC_WARN_UNUSED_VARIABLE = YES;
				IPHONEOS_DEPLOYMENT_TARGET = 17.0;
				LOCALIZATION_PREFERS_STRING_CATALOGS = YES;
				MTL_ENABLE_DEBUG_INFO = INCLUDE_SOURCE;
				MTL_FAST_MATH = YES;
				ONLY_ACTIVE_ARCH = YES;
				SDKROOT = iphoneos;
				SWIFT_ACTIVE_COMPILATION_CONDITIONS = "DEBUG $(inherited)";
				SWIFT_OPTIMIZATION_LEVEL = "-Onone";
			};
			name = Debug;
		};
		CC596D462AE28AA500262410 /* Release */ = {
			isa = XCBuildConfiguration;
			buildSettings = {
				ALWAYS_SEARCH_USER_PATHS = NO;
				ASSETCATALOG_COMPILER_GENERATE_SWIFT_ASSET_SYMBOL_EXTENSIONS = YES;
				CLANG_ANALYZER_NONNULL = YES;
				CLANG_ANALYZER_NUMBER_OBJECT_CONVERSION = YES_AGGRESSIVE;
				CLANG_CXX_LANGUAGE_STANDARD = "gnu++20";
				CLANG_ENABLE_MODULES = YES;
				CLANG_ENABLE_OBJC_ARC = YES;
				CLANG_ENABLE_OBJC_WEAK = YES;
				CLANG_WARN_BLOCK_CAPTURE_AUTORELEASING = YES;
				CLANG_WARN_BOOL_CONVERSION = YES;
				CLANG_WARN_COMMA = YES;
				CLANG_WARN_CONSTANT_CONVERSION = YES;
				CLANG_WARN_DEPRECATED_OBJC_IMPLEMENTATIONS = YES;
				CLANG_WARN_DIRECT_OBJC_ISA_USAGE = YES_ERROR;
				CLANG_WARN_DOCUMENTATION_COMMENTS = YES;
				CLANG_WARN_EMPTY_BODY = YES;
				CLANG_WARN_ENUM_CONVERSION = YES;
				CLANG_WARN_INFINITE_RECURSION = YES;
				CLANG_WARN_INT_CONVERSION = YES;
				CLANG_WARN_NON_LITERAL_NULL_CONVERSION = YES;
				CLANG_WARN_OBJC_IMPLICIT_RETAIN_SELF = YES;
				CLANG_WARN_OBJC_LITERAL_CONVERSION = YES;
				CLANG_WARN_OBJC_ROOT_CLASS = YES_ERROR;
				CLANG_WARN_QUOTED_INCLUDE_IN_FRAMEWORK_HEADER = YES;
				CLANG_WARN_RANGE_LOOP_ANALYSIS = YES;
				CLANG_WARN_STRICT_PROTOTYPES = YES;
				CLANG_WARN_SUSPICIOUS_MOVE = YES;
				CLANG_WARN_UNGUARDED_AVAILABILITY = YES_AGGRESSIVE;
				CLANG_WARN_UNREACHABLE_CODE = YES;
				CLANG_WARN__DUPLICATE_METHOD_MATCH = YES;
				COPY_PHASE_STRIP = NO;
				DEBUG_INFORMATION_FORMAT = "dwarf-with-dsym";
				ENABLE_NS_ASSERTIONS = NO;
				ENABLE_STRICT_OBJC_MSGSEND = YES;
				ENABLE_USER_SCRIPT_SANDBOXING = YES;
				GCC_C_LANGUAGE_STANDARD = gnu17;
				GCC_NO_COMMON_BLOCKS = YES;
				GCC_WARN_64_TO_32_BIT_CONVERSION = YES;
				GCC_WARN_ABOUT_RETURN_TYPE = YES_ERROR;
				GCC_WARN_UNDECLARED_SELECTOR = YES;
				GCC_WARN_UNINITIALIZED_AUTOS = YES_AGGRESSIVE;
				GCC_WARN_UNUSED_FUNCTION = YES;
				GCC_WARN_UNUSED_VARIABLE = YES;
				IPHONEOS_DEPLOYMENT_TARGET = 17.0;
				LOCALIZATION_PREFERS_STRING_CATALOGS = YES;
				MTL_ENABLE_DEBUG_INFO = NO;
				MTL_FAST_MATH = YES;
				SDKROOT = iphoneos;
				SWIFT_COMPILATION_MODE = wholemodule;
				VALIDATE_PRODUCT = YES;
			};
			name = Release;
		};
		CC596D482AE28AA500262410 /* Debug */ = {
			isa = XCBuildConfiguration;
			buildSettings = {
				ASSETCATALOG_COMPILER_APPICON_NAME = AppIcon;
				ASSETCATALOG_COMPILER_GLOBAL_ACCENT_COLOR_NAME = AccentColor;
				CODE_SIGN_STYLE = Automatic;
				CURRENT_PROJECT_VERSION = 1;
				DEVELOPMENT_ASSET_PATHS = "\"Appetizers/Preview Content\"";
				DEVELOPMENT_TEAM = BKM5XA3TAJ;
				ENABLE_PREVIEWS = YES;
				GENERATE_INFOPLIST_FILE = YES;
				INFOPLIST_KEY_UIApplicationSceneManifest_Generation = YES;
				INFOPLIST_KEY_UIApplicationSupportsIndirectInputEvents = YES;
				INFOPLIST_KEY_UILaunchScreen_Generation = YES;
				INFOPLIST_KEY_UISupportedInterfaceOrientations_iPad = "UIInterfaceOrientationPortrait UIInterfaceOrientationPortraitUpsideDown UIInterfaceOrientationLandscapeLeft UIInterfaceOrientationLandscapeRight";
				INFOPLIST_KEY_UISupportedInterfaceOrientations_iPhone = "UIInterfaceOrientationPortrait UIInterfaceOrientationLandscapeLeft UIInterfaceOrientationLandscapeRight";
				LD_RUNPATH_SEARCH_PATHS = (
					"$(inherited)",
					"@executable_path/Frameworks",
				);
				MARKETING_VERSION = 1.0;
				PRODUCT_BUNDLE_IDENTIFIER = co.dandi.Appetizers;
				PRODUCT_NAME = "$(TARGET_NAME)";
				SWIFT_EMIT_LOC_STRINGS = YES;
				SWIFT_VERSION = 5.0;
				TARGETED_DEVICE_FAMILY = "1,2";
			};
			name = Debug;
		};
		CC596D492AE28AA500262410 /* Release */ = {
			isa = XCBuildConfiguration;
			buildSettings = {
				ASSETCATALOG_COMPILER_APPICON_NAME = AppIcon;
				ASSETCATALOG_COMPILER_GLOBAL_ACCENT_COLOR_NAME = AccentColor;
				CODE_SIGN_STYLE = Automatic;
				CURRENT_PROJECT_VERSION = 1;
				DEVELOPMENT_ASSET_PATHS = "\"Appetizers/Preview Content\"";
				DEVELOPMENT_TEAM = BKM5XA3TAJ;
				ENABLE_PREVIEWS = YES;
				GENERATE_INFOPLIST_FILE = YES;
				INFOPLIST_KEY_UIApplicationSceneManifest_Generation = YES;
				INFOPLIST_KEY_UIApplicationSupportsIndirectInputEvents = YES;
				INFOPLIST_KEY_UILaunchScreen_Generation = YES;
				INFOPLIST_KEY_UISupportedInterfaceOrientations_iPad = "UIInterfaceOrientationPortrait UIInterfaceOrientationPortraitUpsideDown UIInterfaceOrientationLandscapeLeft UIInterfaceOrientationLandscapeRight";
				INFOPLIST_KEY_UISupportedInterfaceOrientations_iPhone = "UIInterfaceOrientationPortrait UIInterfaceOrientationLandscapeLeft UIInterfaceOrientationLandscapeRight";
				LD_RUNPATH_SEARCH_PATHS = (
					"$(inherited)",
					"@executable_path/Frameworks",
				);
				MARKETING_VERSION = 1.0;
				PRODUCT_BUNDLE_IDENTIFIER = co.dandi.Appetizers;
				PRODUCT_NAME = "$(TARGET_NAME)";
				SWIFT_EMIT_LOC_STRINGS = YES;
				SWIFT_VERSION = 5.0;
				TARGETED_DEVICE_FAMILY = "1,2";
			};
			name = Release;
		};
/* End XCBuildConfiguration section */

/* Begin XCConfigurationList section */
		CC596D342AE28AA400262410 /* Build configuration list for PBXProject "Appetizers" */ = {
			isa = XCConfigurationList;
			buildConfigurations = (
				CC596D452AE28AA500262410 /* Debug */,
				CC596D462AE28AA500262410 /* Release */,
			);
			defaultConfigurationIsVisible = 0;
			defaultConfigurationName = Release;
		};
		CC596D472AE28AA500262410 /* Build configuration list for PBXNativeTarget "Appetizers" */ = {
			isa = XCConfigurationList;
			buildConfigurations = (
				CC596D482AE28AA500262410 /* Debug */,
				CC596D492AE28AA500262410 /* Release */,
			);
			defaultConfigurationIsVisible = 0;
			defaultConfigurationName = Release;
		};
/* End XCConfigurationList section */
	};
	rootObject = CC596D312AE28AA400262410 /* Project object */;
}
